
Microsoft Visual Studio Solution File, Format Version 12.00
# Visual Studio Version 17
VisualStudioVersion = 17.4.33213.308
MinimumVisualStudioVersion = 10.0.40219.1
Project("{FAE04EC0-301F-11D3-BF4B-00C04F79EFBC}") = "COMP003B.Lecture2", "COMP003B.Lecture2\COMP003B.Lecture2.csproj", "{51E6F825-ED7B-4B94-BE20-F942D80A46F0}"
EndProject
Global
	GlobalSection(SolutionConfigurationPlatforms) = preSolution
		Debug|Any CPU = Debug|Any CPU
		Release|Any CPU = Release|Any CPU
	EndGlobalSection
	GlobalSection(ProjectConfigurationPlatforms) = postSolution
		{51E6F825-ED7B-4B94-BE20-F942D80A46F0}.Debug|Any CPU.ActiveCfg = Debug|Any CPU
		{51E6F825-ED7B-4B94-BE20-F942D80A46F0}.Debug|Any CPU.Build.0 = Debug|Any CPU
		{51E6F825-ED7B-4B94-BE20-F942D80A46F0}.Release|Any CPU.ActiveCfg = Release|Any CPU
		{51E6F825-ED7B-4B94-BE20-F942D80A46F0}.Release|Any CPU.Build.0 = Release|Any CPU
	EndGlobalSection
	GlobalSection(SolutionProperties) = preSolution
		HideSolutionNode = FALSE
	EndGlobalSection
	GlobalSection(ExtensibilityGlobals) = postSolution
		SolutionGuid = {D9FDF6F8-B303-429D-B0B5-3C60FFD06602}
	EndGlobalSection
EndGlobal
